lockfileVersion: '6.0'

settings:
  autoInstallPeers: true
  excludeLinksFromLockfile: false

devDependencies:
  '@tauri-apps/cli':
    specifier: ^1.5.8
    version: 1.5.10

packages:

  /@tauri-apps/cli-darwin-arm64@1.5.10:
    resolution: {integrity: sha512-8dqHaGFKFUEMv3CfEyRP0Ebq28X4Oz74bdi393nBZVqbZM8SN6JdB7kXNb3o3W1TMNSu0M71e6x06YvXSNWvXQ==}
    engines: {node: '>= 10'}
    cpu: [arm64]
    os: [darwin]
    requiresBuild: true
    dev: true
    optional: true

  /@tauri-apps/cli-darwin-x64@1.5.10:
    resolution: {integrity: sha512-qb/9H2FgGRAZPlPj5ingwgpI9B1BUWBUjJpjP+XzSkgjfSQVs3mbdCFz+knGIfrbpw/rBfdOt9BM7biWqIml3Q==}
    engines: {node: '>= 10'}
    cpu: [x64]
    os: [darwin]
    requiresBuild: true
    dev: true
    optional: true

  /@tauri-apps/cli-linux-arm-gnueabihf@1.5.10:
    resolution: {integrity: sha512-iYwfKHGQU0Ezvj5OOhILDiv9VSNm3oouctsvUC4ygOLhpVKXDqQ6nQwJzUZey1KjpBPeM7spOOEYZYxNUgAdZA==}
    engines: {node: '>= 10'}
    cpu: [arm]
    os: [linux]
    requiresBuild: true
    dev: true
    optional: true

  /@tauri-apps/cli-linux-arm64-gnu@1.5.10:
    resolution: {integrity: sha512-kz4tI6Rr8wRuSVrDYpT6mAzHDW/rwPosb2wGatnhKRPb5v9LGPAZflUUUj+AAXnyl6XmD86Rbu7ekkm9BGm1Vw==}
    engines: {node: '>= 10'}
    cpu: [arm64]
    os: [linux]
    libc: [glibc]
    requiresBuild: true
    dev: true
    optional: true

  /@tauri-apps/cli-linux-arm64-musl@1.5.10:
    resolution: {integrity: sha512-HswFaeTplIVY6YSjx+awXfLqB4zwzW3D/8WpmxHY3kyxaE4VnXBhKT86YnlA+qX0qZxgsYr0L0EXxk940lHtKQ==}
    engines: {node: '>= 10'}
    cpu: [arm64]
    os: [linux]
    libc: [musl]
    requiresBuild: true
    dev: true
    optional: true

  /@tauri-apps/cli-linux-x64-gnu@1.5.10:
    resolution: {integrity: sha512-sOh7slboFQxJCBH5QFNe1Iw3JF2GPWYsq2TlQ6T8GgFh/cb13bK/a1TJG/gOrsRA7/pkIweaSufjpKpPBzAoGQ==}
    engines: {node: '>= 10'}
    cpu: [x64]
    os: [linux]
    libc: [glibc]
    requiresBuild: true
    dev: true
    optional: true

  /@tauri-apps/cli-linux-x64-musl@1.5.10:
    resolution: {integrity: sha512-fbTZa3Q01ttIKg6s9rhWGRfdOI23zIPa6loVz6YafHAzr3WLLEXSuG2fI/+01TdX9xdr6glttu8j3H5xE5oDgw==}
    engines: {node: '>= 10'}
    cpu: [x64]
    os: [linux]
    libc: [musl]
    requiresBuild: true
    dev: true
    optional: true

  /@tauri-apps/cli-win32-arm64-msvc@1.5.10:
    resolution: {integrity: sha512-Hntd66+Rrjn2dPPHqCVhZSXotNn5u7lfSff/1riIFbR4hZysB1OPlMOEjh51lBYhmcrvhseMfGfwH6D9i7WYKg==}
    engines: {node: '>= 10'}
    cpu: [arm64]
    os: [win32]
    requiresBuild: true
    dev: true
    optional: true

  /@tauri-apps/cli-win32-ia32-msvc@1.5.10:
    resolution: {integrity: sha512-Kgd3qojNhH7qRsS2RKD1rKgUzk4y/v+SWW8Yr/xNo6FIYZzJChawW+WrYyBBtRoftrhLwm09LSnkR21KlGZxbA==}
    engines: {node: '>= 10'}
    cpu: [ia32]
    os: [win32]
    requiresBuild: true
    dev: true
    optional: true

  /@tauri-apps/cli-win32-x64-msvc@1.5.10:
    resolution: {integrity: sha512-pvuot24ZeLqQYD3rQHSzHJvUDX/kE18F98yl2mO9IHrHQyasdqlLhr/6kkmOWIvFDqyQNhpFXDzGNPm7yRbB1g==}
    engines: {node: '>= 10'}
    cpu: [x64]
    os: [win32]
    requiresBuild: true
    dev: true
    optional: true

  /@tauri-apps/cli@1.5.10:
    resolution: {integrity: sha512-8+6NJgqSXqsFAEuUERDDRWrLh24TMT4aisn1qpADvKVX4KlBAKE17KTXHI54XQFR8qLbkUFNzprU4M9PV8ighw==}
    engines: {node: '>= 10'}
    hasBin: true
    optionalDependencies:
      '@tauri-apps/cli-darwin-arm64': 1.5.10
      '@tauri-apps/cli-darwin-x64': 1.5.10
      '@tauri-apps/cli-linux-arm-gnueabihf': 1.5.10
      '@tauri-apps/cli-linux-arm64-gnu': 1.5.10
      '@tauri-apps/cli-linux-arm64-musl': 1.5.10
      '@tauri-apps/cli-linux-x64-gnu': 1.5.10
      '@tauri-apps/cli-linux-x64-musl': 1.5.10
      '@tauri-apps/cli-win32-arm64-msvc': 1.5.10
      '@tauri-apps/cli-win32-ia32-msvc': 1.5.10
      '@tauri-apps/cli-win32-x64-msvc': 1.5.10
    dev: true
